// !$*UTF8*$!
{
	archiveVersion = 1;
	classes = {
	};
	objectVersion = 53;
	objects = {

/* Begin PBXBuildFile section */
		400A706B251E43A300A0DD8D /* GlobalPlayer.swift in Sources */ = {isa = PBXBuildFile; fileRef = 400A706A251E43A300A0DD8D /* GlobalPlayer.swift */; };
		40122F6F251FB0E100A3BDD6 /* RecorderView.swift in Sources */ = {isa = PBXBuildFile; fileRef = 40122F6E251FB0E100A3BDD6 /* RecorderView.swift */; };
		40122F832521015F00A3BDD6 /* TestData.swift in Sources */ = {isa = PBXBuildFile; fileRef = 40122F822521015F00A3BDD6 /* TestData.swift */; };
		40150D122498654D00B2E8A9 /* InlineAlert.swift in Sources */ = {isa = PBXBuildFile; fileRef = 40150D112498654D00B2E8A9 /* InlineAlert.swift */; };
		40150D1624986CB800B2E8A9 /* FeedView.swift in Sources */ = {isa = PBXBuildFile; fileRef = 40150D1524986CB800B2E8A9 /* FeedView.swift */; };
		402F5491244F91A900FD899F /* AppDelegate.swift in Sources */ = {isa = PBXBuildFile; fileRef = 402F5490244F91A900FD899F /* AppDelegate.swift */; };
		402F5493244F91A900FD899F /* SceneDelegate.swift in Sources */ = {isa = PBXBuildFile; fileRef = 402F5492244F91A900FD899F /* SceneDelegate.swift */; };
		402F5497244F91AA00FD899F /* Assets.xcassets in Resources */ = {isa = PBXBuildFile; fileRef = 402F5496244F91AA00FD899F /* Assets.xcassets */; };
		402F549A244F91AA00FD899F /* Preview Assets.xcassets in Resources */ = {isa = PBXBuildFile; fileRef = 402F5499244F91AA00FD899F /* Preview Assets.xcassets */; };
		402F549D244F91AA00FD899F /* LaunchScreen.storyboard in Resources */ = {isa = PBXBuildFile; fileRef = 402F549B244F91AA00FD899F /* LaunchScreen.storyboard */; };
		402F54C3244F9ACC00FD899F /* RambFeed.swift in Sources */ = {isa = PBXBuildFile; fileRef = 402F54C2244F9ACC00FD899F /* RambFeed.swift */; };
		402F54C8244F9E4E00FD899F /* GoogleService-Info.plist in Resources */ = {isa = PBXBuildFile; fileRef = 402F54C7244F9E4E00FD899F /* GoogleService-Info.plist */; };
		402F54D6244FAD2A00FD899F /* Jimi.mp3 in Resources */ = {isa = PBXBuildFile; fileRef = 402F54D5244FAD2A00FD899F /* Jimi.mp3 */; };
		402F54D8244FAD2F00FD899F /* Love.mp3 in Resources */ = {isa = PBXBuildFile; fileRef = 402F54D7244FAD2F00FD899F /* Love.mp3 */; };
		403390F525311CBC0041BF68 /* BigPlayerView.swift in Sources */ = {isa = PBXBuildFile; fileRef = 403390F425311CBC0041BF68 /* BigPlayerView.swift */; };
		40353C7F2492777700C0C39A /* HalfModelView.swift in Sources */ = {isa = PBXBuildFile; fileRef = 40353C7E2492777700C0C39A /* HalfModelView.swift */; };
		40353C83249282BB00C0C39A /* EditProfileView.swift in Sources */ = {isa = PBXBuildFile; fileRef = 40353C82249282BB00C0C39A /* EditProfileView.swift */; };
		404821D624A3BB7200BD63A3 /* RambUserFeed.swift in Sources */ = {isa = PBXBuildFile; fileRef = 404821D524A3BB7200BD63A3 /* RambUserFeed.swift */; };
		40531BFF2555A927005FEBE3 /* SwimplyPlayIndicator in Frameworks */ = {isa = PBXBuildFile; productRef = 40531BFE2555A927005FEBE3 /* SwimplyPlayIndicator */; };
		4056E9A4252404E10004E598 /* Extensions.swift in Sources */ = {isa = PBXBuildFile; fileRef = 4056E9A3252404E10004E598 /* Extensions.swift */; };
		405A5DE2250802F4009F9C6B /* SearchView.swift in Sources */ = {isa = PBXBuildFile; fileRef = 405A5DE1250802F4009F9C6B /* SearchView.swift */; };
		406C43D32553582700C6E7DE /* NowPlayingAnimation.swift in Sources */ = {isa = PBXBuildFile; fileRef = 406C43D22553582700C6E7DE /* NowPlayingAnimation.swift */; };
		406D0003254D07DF00A82E66 /* NowPlayingBar.swift in Sources */ = {isa = PBXBuildFile; fileRef = 406D0002254D07DF00A82E66 /* NowPlayingBar.swift */; };
		406FAD05244FF10E00223873 /* AudioRecorder.swift in Sources */ = {isa = PBXBuildFile; fileRef = 406FAD04244FF10E00223873 /* AudioRecorder.swift */; };
		406FAD09244FF15D00223873 /* Helpers.swift in Sources */ = {isa = PBXBuildFile; fileRef = 406FAD08244FF15D00223873 /* Helpers.swift */; };
		406FAD0B244FF17600223873 /* RecordingModel.swift in Sources */ = {isa = PBXBuildFile; fileRef = 406FAD0A244FF17600223873 /* RecordingModel.swift */; };
		406FAD132450ABF300223873 /* SessionStore.swift in Sources */ = {isa = PBXBuildFile; fileRef = 406FAD122450ABF300223873 /* SessionStore.swift */; };
		406FAD172450B55200223873 /* ContentView.swift in Sources */ = {isa = PBXBuildFile; fileRef = 406FAD162450B55200223873 /* ContentView.swift */; };
		406FAD1F2450D6D200223873 /* AuthView.swift in Sources */ = {isa = PBXBuildFile; fileRef = 406FAD1E2450D6D200223873 /* AuthView.swift */; };
		406FAD212450D7FA00223873 /* AppView.swift in Sources */ = {isa = PBXBuildFile; fileRef = 406FAD202450D7FA00223873 /* AppView.swift */; };
		408E25862484A3DE00C0C6A5 /* UserModel.swift in Sources */ = {isa = PBXBuildFile; fileRef = 408E25852484A3DE00C0C6A5 /* UserModel.swift */; };
		40AFCEFE2544BA3000B34A3D /* SmallPlayerView.swift in Sources */ = {isa = PBXBuildFile; fileRef = 40AFCEFD2544BA2F00B34A3D /* SmallPlayerView.swift */; };
		40B1474B25016C5F00A2781A /* ProfileView.swift in Sources */ = {isa = PBXBuildFile; fileRef = 40B1474A25016C5F00A2781A /* ProfileView.swift */; };
		40B3385C25267E90009321F2 /* Constants2.0.swift in Sources */ = {isa = PBXBuildFile; fileRef = 40B3385B25267E90009321F2 /* Constants2.0.swift */; };
		40B3385E25267F54009321F2 /* RambService2.swift in Sources */ = {isa = PBXBuildFile; fileRef = 40B3385D25267F54009321F2 /* RambService2.swift */; };
		40B3386025267F64009321F2 /* UserService2.swift in Sources */ = {isa = PBXBuildFile; fileRef = 40B3385F25267F64009321F2 /* UserService2.swift */; };
		40B3388E25268D2A009321F2 /* RambCellViewModel.swift in Sources */ = {isa = PBXBuildFile; fileRef = 40B3388D25268D2A009321F2 /* RambCellViewModel.swift */; };
		40B3389025268E0A009321F2 /* RambListViewModel.swift in Sources */ = {isa = PBXBuildFile; fileRef = 40B3388F25268E0A009321F2 /* RambListViewModel.swift */; };
		40BFA9F22547AD1D00423320 /* Timer.swift in Sources */ = {isa = PBXBuildFile; fileRef = 40BFA9F12547AD1D00423320 /* Timer.swift */; };
		40E56A0F255B508100BEA192 /* AudioControlView.swift in Sources */ = {isa = PBXBuildFile; fileRef = 40E56A0E255B508100BEA192 /* AudioControlView.swift */; };
		40EB296D24ABAFAB00359BA3 /* MultilineTF.swift in Sources */ = {isa = PBXBuildFile; fileRef = 40EB296C24ABAFAB00359BA3 /* MultilineTF.swift */; };
		40F3FA30248EA0F100F3CE02 /* RambModel.swift in Sources */ = {isa = PBXBuildFile; fileRef = 40F3FA2F248EA0F100F3CE02 /* RambModel.swift */; };
		40F3FA52248EB69900F3CE02 /* Constants.swift in Sources */ = {isa = PBXBuildFile; fileRef = 40F3FA51248EB69900F3CE02 /* Constants.swift */; };
		40F3FA54248EB86900F3CE02 /* RambCell.swift in Sources */ = {isa = PBXBuildFile; fileRef = 40F3FA53248EB86900F3CE02 /* RambCell.swift */; };
		40FFDEDF251BEA1F0025799C /* FloatingPlayerView.swift in Sources */ = {isa = PBXBuildFile; fileRef = 40FFDEDE251BEA1F0025799C /* FloatingPlayerView.swift */; };
		40FFDF07251BFC100025799C /* RambUserCell.swift in Sources */ = {isa = PBXBuildFile; fileRef = 40FFDF06251BFC100025799C /* RambUserCell.swift */; };
		DFF310CE52592EC77392BA41 /* Pods_Ramble.framework in Frameworks */ = {isa = PBXBuildFile; fileRef = 958C6E13C72F2C22D478CF60 /* Pods_Ramble.framework */; };
		EE1E0DC4255E5B3400DCA17C /* Publisher+Validation.swift in Sources */ = {isa = PBXBuildFile; fileRef = EE1E0DC3255E5B3400DCA17C /* Publisher+Validation.swift */; };
		EE1E0DC6255E5B4400DCA17C /* SwiftUI+Validation.swift in Sources */ = {isa = PBXBuildFile; fileRef = EE1E0DC5255E5B4400DCA17C /* SwiftUI+Validation.swift */; };
		EE1E0DC8255E5B5400DCA17C /* Validation.swift in Sources */ = {isa = PBXBuildFile; fileRef = EE1E0DC7255E5B5400DCA17C /* Validation.swift */; };
		EE1E0DCA255E5B6700DCA17C /* ValidationPublishers.swift in Sources */ = {isa = PBXBuildFile; fileRef = EE1E0DC9255E5B6700DCA17C /* ValidationPublishers.swift */; };
		EE1E0DCC255E5B7600DCA17C /* ErrorBubbleView.swift in Sources */ = {isa = PBXBuildFile; fileRef = EE1E0DCB255E5B7600DCA17C /* ErrorBubbleView.swift */; };
		EE1E0DCE255E5C9400DCA17C /* RegisterModel.swift in Sources */ = {isa = PBXBuildFile; fileRef = EE1E0DCD255E5C9400DCA17C /* RegisterModel.swift */; };
		EEBC15EE2536CB9B0076318F /* RecorderPostView.swift in Sources */ = {isa = PBXBuildFile; fileRef = EEBC15ED2536CB9B0076318F /* RecorderPostView.swift */; };
		EEC8DDF5255BD8A00050E9DF /* LoadingView.swift in Sources */ = {isa = PBXBuildFile; fileRef = EEC8DDF4255BD8A00050E9DF /* LoadingView.swift */; };
		EEFCE0FD255EDC2E002EF077 /* AppHelper.swift in Sources */ = {isa = PBXBuildFile; fileRef = EEFCE0FC255EDC2E002EF077 /* AppHelper.swift */; };
/* End PBXBuildFile section */

/* Begin PBXBuildRule section */
		40C228AE2547876B008CEB9A /* PBXBuildRule */ = {
			isa = PBXBuildRule;
			compilerSpec = com.apple.compilers.proxy.script;
			fileType = pattern.proxy;
			inputFiles = (
			);
			isEditable = 1;
			outputFiles = (
			);
			script = "# Type a script or drag a script file from your workspace to insert its path.\n\n";
		};
/* End PBXBuildRule section */

/* Begin PBXCopyFilesBuildPhase section */
		40F3FA5D248EC20D00F3CE02 /* Embed Frameworks */ = {
			isa = PBXCopyFilesBuildPhase;
			buildActionMask = 2147483647;
			dstPath = "";
			dstSubfolderSpec = 10;
			files = (
			);
			name = "Embed Frameworks";
			runOnlyForDeploymentPostprocessing = 0;
		};
/* End PBXCopyFilesBuildPhase section */

/* Begin PBXFileReference section */
		18260E38251A67E0004FFF9B /* Ramble-Bridging-Header.h */ = {isa = PBXFileReference; lastKnownFileType = sourcecode.c.h; path = "Ramble-Bridging-Header.h"; sourceTree = "<group>"; };
		3CD168CAB85F0D360A7E797B /* Pods-Ramble.release.xcconfig */ = {isa = PBXFileReference; includeInIndex = 1; lastKnownFileType = text.xcconfig; name = "Pods-Ramble.release.xcconfig"; path = "Target Support Files/Pods-Ramble/Pods-Ramble.release.xcconfig"; sourceTree = "<group>"; };
		400A706A251E43A300A0DD8D /* GlobalPlayer.swift */ = {isa = PBXFileReference; lastKnownFileType = sourcecode.swift; path = GlobalPlayer.swift; sourceTree = "<group>"; };
		40122F6E251FB0E100A3BDD6 /* RecorderView.swift */ = {isa = PBXFileReference; lastKnownFileType = sourcecode.swift; path = RecorderView.swift; sourceTree = "<group>"; };
		40122F822521015F00A3BDD6 /* TestData.swift */ = {isa = PBXFileReference; lastKnownFileType = sourcecode.swift; path = TestData.swift; sourceTree = "<group>"; };
		40150D112498654D00B2E8A9 /* InlineAlert.swift */ = {isa = PBXFileReference; fileEncoding = 4; lastKnownFileType = sourcecode.swift; path = InlineAlert.swift; sourceTree = "<group>"; };
		40150D1524986CB800B2E8A9 /* FeedView.swift */ = {isa = PBXFileReference; lastKnownFileType = sourcecode.swift; path = FeedView.swift; sourceTree = "<group>"; };
		402F548D244F91A900FD899F /* Ramble.app */ = {isa = PBXFileReference; explicitFileType = wrapper.application; includeInIndex = 0; path = Ramble.app; sourceTree = BUILT_PRODUCTS_DIR; };
		402F5490244F91A900FD899F /* AppDelegate.swift */ = {isa = PBXFileReference; lastKnownFileType = sourcecode.swift; path = AppDelegate.swift; sourceTree = "<group>"; };
		402F5492244F91A900FD899F /* SceneDelegate.swift */ = {isa = PBXFileReference; lastKnownFileType = sourcecode.swift; path = SceneDelegate.swift; sourceTree = "<group>"; };
		402F5496244F91AA00FD899F /* Assets.xcassets */ = {isa = PBXFileReference; lastKnownFileType = folder.assetcatalog; path = Assets.xcassets; sourceTree = "<group>"; };
		402F5499244F91AA00FD899F /* Preview Assets.xcassets */ = {isa = PBXFileReference; lastKnownFileType = folder.assetcatalog; path = "Preview Assets.xcassets"; sourceTree = "<group>"; };
		402F549C244F91AA00FD899F /* Base */ = {isa = PBXFileReference; lastKnownFileType = file.storyboard; name = Base; path = Base.lproj/LaunchScreen.storyboard; sourceTree = "<group>"; };
		402F549E244F91AA00FD899F /* Info.plist */ = {isa = PBXFileReference; lastKnownFileType = text.plist.xml; path = Info.plist; sourceTree = "<group>"; };
		402F54C2244F9ACC00FD899F /* RambFeed.swift */ = {isa = PBXFileReference; lastKnownFileType = sourcecode.swift; path = RambFeed.swift; sourceTree = "<group>"; };
		402F54C7244F9E4E00FD899F /* GoogleService-Info.plist */ = {isa = PBXFileReference; fileEncoding = 4; lastKnownFileType = text.plist.xml; path = "GoogleService-Info.plist"; sourceTree = "<group>"; };
		402F54D5244FAD2A00FD899F /* Jimi.mp3 */ = {isa = PBXFileReference; lastKnownFileType = audio.mp3; path = Jimi.mp3; sourceTree = "<group>"; };
		402F54D7244FAD2F00FD899F /* Love.mp3 */ = {isa = PBXFileReference; lastKnownFileType = audio.mp3; path = Love.mp3; sourceTree = "<group>"; };
		403390F425311CBC0041BF68 /* BigPlayerView.swift */ = {isa = PBXFileReference; lastKnownFileType = sourcecode.swift; path = BigPlayerView.swift; sourceTree = "<group>"; };
		40353C7E2492777700C0C39A /* HalfModelView.swift */ = {isa = PBXFileReference; lastKnownFileType = sourcecode.swift; path = HalfModelView.swift; sourceTree = "<group>"; };
		40353C82249282BB00C0C39A /* EditProfileView.swift */ = {isa = PBXFileReference; lastKnownFileType = sourcecode.swift; path = EditProfileView.swift; sourceTree = "<group>"; };
		404821D524A3BB7200BD63A3 /* RambUserFeed.swift */ = {isa = PBXFileReference; lastKnownFileType = sourcecode.swift; path = RambUserFeed.swift; sourceTree = "<group>"; };
		4056E9A3252404E10004E598 /* Extensions.swift */ = {isa = PBXFileReference; lastKnownFileType = sourcecode.swift; path = Extensions.swift; sourceTree = "<group>"; };
		405A5DE1250802F4009F9C6B /* SearchView.swift */ = {isa = PBXFileReference; lastKnownFileType = sourcecode.swift; path = SearchView.swift; sourceTree = "<group>"; };
		406C43D22553582700C6E7DE /* NowPlayingAnimation.swift */ = {isa = PBXFileReference; lastKnownFileType = sourcecode.swift; path = NowPlayingAnimation.swift; sourceTree = "<group>"; };
		406D0002254D07DF00A82E66 /* NowPlayingBar.swift */ = {isa = PBXFileReference; lastKnownFileType = sourcecode.swift; path = NowPlayingBar.swift; sourceTree = "<group>"; };
		406FAD04244FF10E00223873 /* AudioRecorder.swift */ = {isa = PBXFileReference; lastKnownFileType = sourcecode.swift; path = AudioRecorder.swift; sourceTree = "<group>"; };
		406FAD08244FF15D00223873 /* Helpers.swift */ = {isa = PBXFileReference; lastKnownFileType = sourcecode.swift; path = Helpers.swift; sourceTree = "<group>"; };
		406FAD0A244FF17600223873 /* RecordingModel.swift */ = {isa = PBXFileReference; lastKnownFileType = sourcecode.swift; path = RecordingModel.swift; sourceTree = "<group>"; };
		406FAD122450ABF300223873 /* SessionStore.swift */ = {isa = PBXFileReference; lastKnownFileType = sourcecode.swift; path = SessionStore.swift; sourceTree = "<group>"; };
		406FAD162450B55200223873 /* ContentView.swift */ = {isa = PBXFileReference; lastKnownFileType = sourcecode.swift; path = ContentView.swift; sourceTree = "<group>"; };
		406FAD1E2450D6D200223873 /* AuthView.swift */ = {isa = PBXFileReference; lastKnownFileType = sourcecode.swift; path = AuthView.swift; sourceTree = "<group>"; };
		406FAD202450D7FA00223873 /* AppView.swift */ = {isa = PBXFileReference; lastKnownFileType = sourcecode.swift; path = AppView.swift; sourceTree = "<group>"; };
		408E25852484A3DE00C0C6A5 /* UserModel.swift */ = {isa = PBXFileReference; lastKnownFileType = sourcecode.swift; path = UserModel.swift; sourceTree = "<group>"; };
		40AFCEFD2544BA2F00B34A3D /* SmallPlayerView.swift */ = {isa = PBXFileReference; lastKnownFileType = sourcecode.swift; path = SmallPlayerView.swift; sourceTree = "<group>"; };
		40B1474A25016C5F00A2781A /* ProfileView.swift */ = {isa = PBXFileReference; lastKnownFileType = sourcecode.swift; path = ProfileView.swift; sourceTree = "<group>"; };
		40B3385B25267E90009321F2 /* Constants2.0.swift */ = {isa = PBXFileReference; lastKnownFileType = sourcecode.swift; path = Constants2.0.swift; sourceTree = "<group>"; };
		40B3385D25267F54009321F2 /* RambService2.swift */ = {isa = PBXFileReference; lastKnownFileType = sourcecode.swift; path = RambService2.swift; sourceTree = "<group>"; };
		40B3385F25267F64009321F2 /* UserService2.swift */ = {isa = PBXFileReference; lastKnownFileType = sourcecode.swift; path = UserService2.swift; sourceTree = "<group>"; };
		40B3388D25268D2A009321F2 /* RambCellViewModel.swift */ = {isa = PBXFileReference; lastKnownFileType = sourcecode.swift; path = RambCellViewModel.swift; sourceTree = "<group>"; };
		40B3388F25268E0A009321F2 /* RambListViewModel.swift */ = {isa = PBXFileReference; lastKnownFileType = sourcecode.swift; path = RambListViewModel.swift; sourceTree = "<group>"; };
		40BFA9F12547AD1D00423320 /* Timer.swift */ = {isa = PBXFileReference; lastKnownFileType = sourcecode.swift; path = Timer.swift; sourceTree = "<group>"; };
		40E56A0E255B508100BEA192 /* AudioControlView.swift */ = {isa = PBXFileReference; lastKnownFileType = sourcecode.swift; path = AudioControlView.swift; sourceTree = "<group>"; };
		40EB296C24ABAFAB00359BA3 /* MultilineTF.swift */ = {isa = PBXFileReference; lastKnownFileType = sourcecode.swift; path = MultilineTF.swift; sourceTree = "<group>"; };
		40F3FA2F248EA0F100F3CE02 /* RambModel.swift */ = {isa = PBXFileReference; lastKnownFileType = sourcecode.swift; path = RambModel.swift; sourceTree = "<group>"; };
		40F3FA51248EB69900F3CE02 /* Constants.swift */ = {isa = PBXFileReference; lastKnownFileType = sourcecode.swift; path = Constants.swift; sourceTree = "<group>"; };
		40F3FA53248EB86900F3CE02 /* RambCell.swift */ = {isa = PBXFileReference; lastKnownFileType = sourcecode.swift; path = RambCell.swift; sourceTree = "<group>"; };
		40FFDEDE251BEA1F0025799C /* FloatingPlayerView.swift */ = {isa = PBXFileReference; lastKnownFileType = sourcecode.swift; path = FloatingPlayerView.swift; sourceTree = "<group>"; };
		40FFDF06251BFC100025799C /* RambUserCell.swift */ = {isa = PBXFileReference; fileEncoding = 4; lastKnownFileType = sourcecode.swift; path = RambUserCell.swift; sourceTree = "<group>"; };
		49DCF38C8F46BD21CC27C541 /* Pods-Ramble.debug.xcconfig */ = {isa = PBXFileReference; includeInIndex = 1; lastKnownFileType = text.xcconfig; name = "Pods-Ramble.debug.xcconfig"; path = "Target Support Files/Pods-Ramble/Pods-Ramble.debug.xcconfig"; sourceTree = "<group>"; };
		958C6E13C72F2C22D478CF60 /* Pods_Ramble.framework */ = {isa = PBXFileReference; explicitFileType = wrapper.framework; includeInIndex = 0; path = Pods_Ramble.framework; sourceTree = BUILT_PRODUCTS_DIR; };
		EE1E0DC3255E5B3400DCA17C /* Publisher+Validation.swift */ = {isa = PBXFileReference; lastKnownFileType = sourcecode.swift; path = "Publisher+Validation.swift"; sourceTree = "<group>"; };
		EE1E0DC5255E5B4400DCA17C /* SwiftUI+Validation.swift */ = {isa = PBXFileReference; lastKnownFileType = sourcecode.swift; path = "SwiftUI+Validation.swift"; sourceTree = "<group>"; };
		EE1E0DC7255E5B5400DCA17C /* Validation.swift */ = {isa = PBXFileReference; lastKnownFileType = sourcecode.swift; path = Validation.swift; sourceTree = "<group>"; };
		EE1E0DC9255E5B6700DCA17C /* ValidationPublishers.swift */ = {isa = PBXFileReference; lastKnownFileType = sourcecode.swift; path = ValidationPublishers.swift; sourceTree = "<group>"; };
		EE1E0DCB255E5B7600DCA17C /* ErrorBubbleView.swift */ = {isa = PBXFileReference; lastKnownFileType = sourcecode.swift; path = ErrorBubbleView.swift; sourceTree = "<group>"; };
		EE1E0DCD255E5C9400DCA17C /* RegisterModel.swift */ = {isa = PBXFileReference; lastKnownFileType = sourcecode.swift; path = RegisterModel.swift; sourceTree = "<group>"; };
		EEBC15ED2536CB9B0076318F /* RecorderPostView.swift */ = {isa = PBXFileReference; lastKnownFileType = sourcecode.swift; path = RecorderPostView.swift; sourceTree = "<group>"; };
		EEC8DDF4255BD8A00050E9DF /* LoadingView.swift */ = {isa = PBXFileReference; lastKnownFileType = sourcecode.swift; path = LoadingView.swift; sourceTree = "<group>"; };
		EEFCE0FC255EDC2E002EF077 /* AppHelper.swift */ = {isa = PBXFileReference; lastKnownFileType = sourcecode.swift; path = AppHelper.swift; sourceTree = "<group>"; };
/* End PBXFileReference section */

/* Begin PBXFrameworksBuildPhase section */
		402F548A244F91A900FD899F /* Frameworks */ = {
			isa = PBXFrameworksBuildPhase;
			buildActionMask = 2147483647;
			files = (
				40531BFF2555A927005FEBE3 /* SwimplyPlayIndicator in Frameworks */,
				DFF310CE52592EC77392BA41 /* Pods_Ramble.framework in Frameworks */,
			);
			runOnlyForDeploymentPostprocessing = 0;
		};
/* End PBXFrameworksBuildPhase section */

/* Begin PBXGroup section */
		2D268D9C788D4B05278E39F4 /* Pods */ = {
			isa = PBXGroup;
			children = (
				49DCF38C8F46BD21CC27C541 /* Pods-Ramble.debug.xcconfig */,
				3CD168CAB85F0D360A7E797B /* Pods-Ramble.release.xcconfig */,
			);
			path = Pods;
			sourceTree = "<group>";
		};
		402F5484244F91A900FD899F = {
			isa = PBXGroup;
			children = (
				402F54D9244FAD3300FD899F /* AudioSamples */,
				402F548F244F91A900FD899F /* Ramble */,
				402F548E244F91A900FD899F /* Products */,
				2D268D9C788D4B05278E39F4 /* Pods */,
				9AEB1E0769C8036DF3075BFF /* Frameworks */,
			);
			sourceTree = "<group>";
		};
		402F548E244F91A900FD899F /* Products */ = {
			isa = PBXGroup;
			children = (
				402F548D244F91A900FD899F /* Ramble.app */,
			);
			name = Products;
			sourceTree = "<group>";
		};
		402F548F244F91A900FD899F /* Ramble */ = {
			isa = PBXGroup;
			children = (
				40F3FA6E248ED3DE00F3CE02 /* Authorization */,
				40F3FA32248EA15B00F3CE02 /* Utils */,
				40B3388C25268D05009321F2 /* ViewModel */,
				40B3385A25267E6B009321F2 /* API 2.0 */,
				408E258124849FF100C0C6A5 /* App */,
				408E25832484A01F00C0C6A5 /* View */,
				408E258224849FF800C0C6A5 /* Model */,
				402F5496244F91AA00FD899F /* Assets.xcassets */,
				402F549B244F91AA00FD899F /* LaunchScreen.storyboard */,
				402F549E244F91AA00FD899F /* Info.plist */,
				402F54C7244F9E4E00FD899F /* GoogleService-Info.plist */,
				18260E38251A67E0004FFF9B /* Ramble-Bridging-Header.h */,
				402F5498244F91AA00FD899F /* Preview Content */,
			);
			path = Ramble;
			sourceTree = "<group>";
		};
		402F5498244F91AA00FD899F /* Preview Content */ = {
			isa = PBXGroup;
			children = (
				402F5499244F91AA00FD899F /* Preview Assets.xcassets */,
			);
			path = "Preview Content";
			sourceTree = "<group>";
		};
		402F54D9244FAD3300FD899F /* AudioSamples */ = {
			isa = PBXGroup;
			children = (
				402F54D7244FAD2F00FD899F /* Love.mp3 */,
				402F54D5244FAD2A00FD899F /* Jimi.mp3 */,
			);
			path = AudioSamples;
			sourceTree = "<group>";
		};
		408E258124849FF100C0C6A5 /* App */ = {
			isa = PBXGroup;
			children = (
				406FAD162450B55200223873 /* ContentView.swift */,
				402F5490244F91A900FD899F /* AppDelegate.swift */,
				402F5492244F91A900FD899F /* SceneDelegate.swift */,
				400A706A251E43A300A0DD8D /* GlobalPlayer.swift */,
			);
			path = App;
			sourceTree = "<group>";
		};
		408E258224849FF800C0C6A5 /* Model */ = {
			isa = PBXGroup;
			children = (
				406FAD0A244FF17600223873 /* RecordingModel.swift */,
				408E25852484A3DE00C0C6A5 /* UserModel.swift */,
				40F3FA2F248EA0F100F3CE02 /* RambModel.swift */,
				40122F822521015F00A3BDD6 /* TestData.swift */,
			);
			path = Model;
			sourceTree = "<group>";
		};
		408E25832484A01F00C0C6A5 /* View */ = {
			isa = PBXGroup;
			children = (
				406FAD202450D7FA00223873 /* AppView.swift */,
				40150D1524986CB800B2E8A9 /* FeedView.swift */,
				40B1474A25016C5F00A2781A /* ProfileView.swift */,
				405A5DE1250802F4009F9C6B /* SearchView.swift */,
				40122F6E251FB0E100A3BDD6 /* RecorderView.swift */,
				EEBC15ED2536CB9B0076318F /* RecorderPostView.swift */,
				40353C82249282BB00C0C39A /* EditProfileView.swift */,
				402F54C2244F9ACC00FD899F /* RambFeed.swift */,
				404821D524A3BB7200BD63A3 /* RambUserFeed.swift */,
				40F3FA53248EB86900F3CE02 /* RambCell.swift */,
				40FFDF06251BFC100025799C /* RambUserCell.swift */,
				40FFDEDE251BEA1F0025799C /* FloatingPlayerView.swift */,
				403390F425311CBC0041BF68 /* BigPlayerView.swift */,
				40AFCEFD2544BA2F00B34A3D /* SmallPlayerView.swift */,
				406D0002254D07DF00A82E66 /* NowPlayingBar.swift */,
				406C43D22553582700C6E7DE /* NowPlayingAnimation.swift */,
				40E56A0E255B508100BEA192 /* AudioControlView.swift */,
				EEC8DDF4255BD8A00050E9DF /* LoadingView.swift */,
			);
			path = View;
			sourceTree = "<group>";
		};
		40B3385A25267E6B009321F2 /* API 2.0 */ = {
			isa = PBXGroup;
			children = (
				40B3385B25267E90009321F2 /* Constants2.0.swift */,
				40B3385D25267F54009321F2 /* RambService2.swift */,
				40B3385F25267F64009321F2 /* UserService2.swift */,
			);
			path = "API 2.0";
			sourceTree = "<group>";
		};
		40B3388C25268D05009321F2 /* ViewModel */ = {
			isa = PBXGroup;
			children = (
				40B3388D25268D2A009321F2 /* RambCellViewModel.swift */,
				40B3388F25268E0A009321F2 /* RambListViewModel.swift */,
			);
			path = ViewModel;
			sourceTree = "<group>";
		};
		40F3FA32248EA15B00F3CE02 /* Utils */ = {
			isa = PBXGroup;
			children = (
				EE1E0DC2255E5B2900DCA17C /* validations */,
				4056E9A3252404E10004E598 /* Extensions.swift */,
				406FAD08244FF15D00223873 /* Helpers.swift */,
				40F3FA51248EB69900F3CE02 /* Constants.swift */,
				40353C7E2492777700C0C39A /* HalfModelView.swift */,
				40150D112498654D00B2E8A9 /* InlineAlert.swift */,
				40EB296C24ABAFAB00359BA3 /* MultilineTF.swift */,
				406FAD04244FF10E00223873 /* AudioRecorder.swift */,
				40BFA9F12547AD1D00423320 /* Timer.swift */,
				EEFCE0FC255EDC2E002EF077 /* AppHelper.swift */,
			);
			path = Utils;
			sourceTree = "<group>";
		};
		40F3FA6E248ED3DE00F3CE02 /* Authorization */ = {
			isa = PBXGroup;
			children = (
				406FAD1E2450D6D200223873 /* AuthView.swift */,
				406FAD122450ABF300223873 /* SessionStore.swift */,
			);
			path = Authorization;
			sourceTree = "<group>";
		};
		9AEB1E0769C8036DF3075BFF /* Frameworks */ = {
			isa = PBXGroup;
			children = (
				958C6E13C72F2C22D478CF60 /* Pods_Ramble.framework */,
			);
			name = Frameworks;
			sourceTree = "<group>";
		};
		EE1E0DC2255E5B2900DCA17C /* validations */ = {
			isa = PBXGroup;
			children = (
				EE1E0DC3255E5B3400DCA17C /* Publisher+Validation.swift */,
				EE1E0DC5255E5B4400DCA17C /* SwiftUI+Validation.swift */,
				EE1E0DC7255E5B5400DCA17C /* Validation.swift */,
				EE1E0DC9255E5B6700DCA17C /* ValidationPublishers.swift */,
				EE1E0DCB255E5B7600DCA17C /* ErrorBubbleView.swift */,
				EE1E0DCD255E5C9400DCA17C /* RegisterModel.swift */,
			);
			path = validations;
			sourceTree = "<group>";
		};
/* End PBXGroup section */

/* Begin PBXNativeTarget section */
		402F548C244F91A900FD899F /* Ramble */ = {
			isa = PBXNativeTarget;
			buildConfigurationList = 402F54A1244F91AA00FD899F /* Build configuration list for PBXNativeTarget "Ramble" */;
			buildPhases = (
				3361F936BCA46B9901AC4A33 /* [CP] Check Pods Manifest.lock */,
				402F5489244F91A900FD899F /* Sources */,
				402F548A244F91A900FD899F /* Frameworks */,
				402F548B244F91A900FD899F /* Resources */,
				40F3FA5D248EC20D00F3CE02 /* Embed Frameworks */,
				40C228AF254787E7008CEB9A /* ShellScript */,
				0D66A2D80F0611E0788BBC27 /* [CP] Embed Pods Frameworks */,
			);
			buildRules = (
				40C228AE2547876B008CEB9A /* PBXBuildRule */,
			);
			dependencies = (
			);
			name = Ramble;
			packageProductDependencies = (
				40531BFE2555A927005FEBE3 /* SwimplyPlayIndicator */,
			);
			productName = Ramble;
			productReference = 402F548D244F91A900FD899F /* Ramble.app */;
			productType = "com.apple.product-type.application";
		};
/* End PBXNativeTarget section */

/* Begin PBXProject section */
		402F5485244F91A900FD899F /* Project object */ = {
			isa = PBXProject;
			attributes = {
				CLASSPREFIX = "Peter Keating";
				LastSwiftUpdateCheck = 1140;
				LastUpgradeCheck = 1200;
				ORGANIZATIONNAME = "Peter Keating";
				TargetAttributes = {
					402F548C244F91A900FD899F = {
						CreatedOnToolsVersion = 11.4.1;
					};
				};
			};
			buildConfigurationList = 402F5488244F91A900FD899F /* Build configuration list for PBXProject "Ramble" */;
			compatibilityVersion = "Xcode 11.4";
			developmentRegion = en;
			hasScannedForEncodings = 0;
			knownRegions = (
				en,
				Base,
			);
			mainGroup = 402F5484244F91A900FD899F;
			packageReferences = (
				402F54C9244F9FD000FD899F /* XCRemoteSwiftPackageReference "SDWebImageSwiftUI" */,
				40B1F965249C03B4008A3F37 /* XCRemoteSwiftPackageReference "SwiftUIPager" */,
				406EF19E24B51CCF009D224F /* XCRemoteSwiftPackageReference "SwiftUIRefresh" */,
				40531BFD2555A927005FEBE3 /* XCRemoteSwiftPackageReference "SwimplyPlayIndicator" */,
			);
			productRefGroup = 402F548E244F91A900FD899F /* Products */;
			projectDirPath = "";
			projectRoot = "";
			targets = (
				402F548C244F91A900FD899F /* Ramble */,
			);
		};
/* End PBXProject section */

/* Begin PBXResourcesBuildPhase section */
		402F548B244F91A900FD899F /* Resources */ = {
			isa = PBXResourcesBuildPhase;
			buildActionMask = 2147483647;
			files = (
				402F54D8244FAD2F00FD899F /* Love.mp3 in Resources */,
				402F549D244F91AA00FD899F /* LaunchScreen.storyboard in Resources */,
				402F549A244F91AA00FD899F /* Preview Assets.xcassets in Resources */,
				402F54D6244FAD2A00FD899F /* Jimi.mp3 in Resources */,
				402F54C8244F9E4E00FD899F /* GoogleService-Info.plist in Resources */,
				402F5497244F91AA00FD899F /* Assets.xcassets in Resources */,
			);
			runOnlyForDeploymentPostprocessing = 0;
		};
/* End PBXResourcesBuildPhase section */

/* Begin PBXShellScriptBuildPhase section */
		0D66A2D80F0611E0788BBC27 /* [CP] Embed Pods Frameworks */ = {
			isa = PBXShellScriptBuildPhase;
			buildActionMask = 2147483647;
			files = (
			);
			inputFileListPaths = (
				"${PODS_ROOT}/Target Support Files/Pods-Ramble/Pods-Ramble-frameworks-${CONFIGURATION}-input-files.xcfilelist",
			);
			name = "[CP] Embed Pods Frameworks";
			outputFileListPaths = (
				"${PODS_ROOT}/Target Support Files/Pods-Ramble/Pods-Ramble-frameworks-${CONFIGURATION}-output-files.xcfilelist",
			);
			runOnlyForDeploymentPostprocessing = 0;
			shellPath = /bin/sh;
			shellScript = "\"${PODS_ROOT}/Target Support Files/Pods-Ramble/Pods-Ramble-frameworks.sh\"\n";
			showEnvVarsInLog = 0;
		};
		3361F936BCA46B9901AC4A33 /* [CP] Check Pods Manifest.lock */ = {
			isa = PBXShellScriptBuildPhase;
			buildActionMask = 2147483647;
			files = (
			);
			inputFileListPaths = (
			);
			inputPaths = (
				"${PODS_PODFILE_DIR_PATH}/Podfile.lock",
				"${PODS_ROOT}/Manifest.lock",
			);
			name = "[CP] Check Pods Manifest.lock";
			outputFileListPaths = (
			);
			outputPaths = (
				"$(DERIVED_FILE_DIR)/Pods-Ramble-checkManifestLockResult.txt",
			);
			runOnlyForDeploymentPostprocessing = 0;
			shellPath = /bin/sh;
			shellScript = "diff \"${PODS_PODFILE_DIR_PATH}/Podfile.lock\" \"${PODS_ROOT}/Manifest.lock\" > /dev/null\nif [ $? != 0 ] ; then\n    # print error to STDERR\n    echo \"error: The sandbox is not in sync with the Podfile.lock. Run 'pod install' or update your CocoaPods installation.\" >&2\n    exit 1\nfi\n# This output is used by Xcode 'outputs' to avoid re-running this script phase.\necho \"SUCCESS\" > \"${SCRIPT_OUTPUT_FILE_0}\"\n";
			showEnvVarsInLog = 0;
		};
		40C228AF254787E7008CEB9A /* ShellScript */ = {
			isa = PBXShellScriptBuildPhase;
			buildActionMask = 2147483647;
			files = (
			);
			inputFileListPaths = (
			);
			inputPaths = (
			);
			outputFileListPaths = (
			);
			outputPaths = (
			);
			runOnlyForDeploymentPostprocessing = 0;
			shellPath = /bin/sh;
			shellScript = "# Type a script or drag a script file from your workspace to insert its path.\nif which swiftlint >/dev/null; then\n  swiftlint\nelse\n  echo \"warning: SwiftLint not installed, download from https://github.com/realm/SwiftLint\"\nfi\n\n";
		};
/* End PBXShellScriptBuildPhase section */

/* Begin PBXSourcesBuildPhase section */
		402F5489244F91A900FD899F /* Sources */ = {
			isa = PBXSourcesBuildPhase;
			buildActionMask = 2147483647;
			files = (
				EE1E0DC6255E5B4400DCA17C /* SwiftUI+Validation.swift in Sources */,
				406D0003254D07DF00A82E66 /* NowPlayingBar.swift in Sources */,
				406D0003254D07DF00A82E66 /* NowPlayingBar.swift in Sources */,
				400A706B251E43A300A0DD8D /* GlobalPlayer.swift in Sources */,
				402F5491244F91A900FD899F /* AppDelegate.swift in Sources */,
				40B3385C25267E90009321F2 /* Constants2.0.swift in Sources */,
				40FFDEDF251BEA1F0025799C /* FloatingPlayerView.swift in Sources */,
				EEC8DDF5255BD8A00050E9DF /* LoadingView.swift in Sources */,
				404821D624A3BB7200BD63A3 /* RambUserFeed.swift in Sources */,
				40B3389025268E0A009321F2 /* RambListViewModel.swift in Sources */,
				402F5493244F91A900FD899F /* SceneDelegate.swift in Sources */,
				406FAD212450D7FA00223873 /* AppView.swift in Sources */,
				40122F832521015F00A3BDD6 /* TestData.swift in Sources */,
				406FAD09244FF15D00223873 /* Helpers.swift in Sources */,
				EE1E0DCA255E5B6700DCA17C /* ValidationPublishers.swift in Sources */,
				EE1E0DC8255E5B5400DCA17C /* Validation.swift in Sources */,
				40150D1624986CB800B2E8A9 /* FeedView.swift in Sources */,
				40B1474B25016C5F00A2781A /* ProfileView.swift in Sources */,
				40122F6F251FB0E100A3BDD6 /* RecorderView.swift in Sources */,
				406FAD172450B55200223873 /* ContentView.swift in Sources */,
				406FAD0B244FF17600223873 /* RecordingModel.swift in Sources */,
				EE1E0DCE255E5C9400DCA17C /* RegisterModel.swift in Sources */,
				406FAD05244FF10E00223873 /* AudioRecorder.swift in Sources */,
				40AFCEFE2544BA3000B34A3D /* SmallPlayerView.swift in Sources */,
				40FFDF07251BFC100025799C /* RambUserCell.swift in Sources */,
				EE1E0DC4255E5B3400DCA17C /* Publisher+Validation.swift in Sources */,
				40B3388E25268D2A009321F2 /* RambCellViewModel.swift in Sources */,
				40B3385E25267F54009321F2 /* RambService2.swift in Sources */,
				40F3FA30248EA0F100F3CE02 /* RambModel.swift in Sources */,
				EE1E0DCC255E5B7600DCA17C /* ErrorBubbleView.swift in Sources */,
				40EB296D24ABAFAB00359BA3 /* MultilineTF.swift in Sources */,
				4056E9A4252404E10004E598 /* Extensions.swift in Sources */,
				405A5DE2250802F4009F9C6B /* SearchView.swift in Sources */,
				EEFCE0FD255EDC2E002EF077 /* AppHelper.swift in Sources */,
				408E25862484A3DE00C0C6A5 /* UserModel.swift in Sources */,
				402F54C3244F9ACC00FD899F /* RambFeed.swift in Sources */,
				40353C83249282BB00C0C39A /* EditProfileView.swift in Sources */,
				406C43D32553582700C6E7DE /* NowPlayingAnimation.swift in Sources */,
				40BFA9F22547AD1D00423320 /* Timer.swift in Sources */,
				EEBC15EE2536CB9B0076318F /* RecorderPostView.swift in Sources */,
				40353C7F2492777700C0C39A /* HalfModelView.swift in Sources */,
				40150D122498654D00B2E8A9 /* InlineAlert.swift in Sources */,
				40E56A0F255B508100BEA192 /* AudioControlView.swift in Sources */,
				403390F525311CBC0041BF68 /* BigPlayerView.swift in Sources */,
				406FAD132450ABF300223873 /* SessionStore.swift in Sources */,
				406FAD1F2450D6D200223873 /* AuthView.swift in Sources */,
				40F3FA54248EB86900F3CE02 /* RambCell.swift in Sources */,
				40F3FA52248EB69900F3CE02 /* Constants.swift in Sources */,
				40B3386025267F64009321F2 /* UserService2.swift in Sources */,
			);
			runOnlyForDeploymentPostprocessing = 0;
		};
/* End PBXSourcesBuildPhase section */

/* Begin PBXVariantGroup section */
		402F549B244F91AA00FD899F /* LaunchScreen.storyboard */ = {
			isa = PBXVariantGroup;
			children = (
				402F549C244F91AA00FD899F /* Base */,
			);
			name = LaunchScreen.storyboard;
			sourceTree = "<group>";
		};
/* End PBXVariantGroup section */

/* Begin XCBuildConfiguration section */
		402F549F244F91AA00FD899F /* Debug */ = {
			isa = XCBuildConfiguration;
			buildSettings = {
				ALWAYS_SEARCH_USER_PATHS = NO;
				CLANG_ANALYZER_NONNULL = YES;
				CLANG_ANALYZER_NUMBER_OBJECT_CONVERSION = YES_AGGRESSIVE;
				CLANG_CXX_LANGUAGE_STANDARD = "gnu++14";
				CLANG_CXX_LIBRARY = "libc++";
				CLANG_ENABLE_MODULES = YES;
				CLANG_ENABLE_OBJC_ARC = YES;
				CLANG_ENABLE_OBJC_WEAK = YES;
				CLANG_WARN_BLOCK_CAPTURE_AUTORELEASING = YES;
				CLANG_WARN_BOOL_CONVERSION = YES;
				CLANG_WARN_COMMA = YES;
				CLANG_WARN_CONSTANT_CONVERSION = YES;
				CLANG_WARN_DEPRECATED_OBJC_IMPLEMENTATIONS = YES;
				CLANG_WARN_DIRECT_OBJC_ISA_USAGE = YES_ERROR;
				CLANG_WARN_DOCUMENTATION_COMMENTS = YES;
				CLANG_WARN_EMPTY_BODY = YES;
				CLANG_WARN_ENUM_CONVERSION = YES;
				CLANG_WARN_INFINITE_RECURSION = YES;
				CLANG_WARN_INT_CONVERSION = YES;
				CLANG_WARN_NON_LITERAL_NULL_CONVERSION = YES;
				CLANG_WARN_OBJC_IMPLICIT_RETAIN_SELF = YES;
				CLANG_WARN_OBJC_LITERAL_CONVERSION = YES;
				CLANG_WARN_OBJC_ROOT_CLASS = YES_ERROR;
				CLANG_WARN_QUOTED_INCLUDE_IN_FRAMEWORK_HEADER = YES;
				CLANG_WARN_RANGE_LOOP_ANALYSIS = YES;
				CLANG_WARN_STRICT_PROTOTYPES = YES;
				CLANG_WARN_SUSPICIOUS_MOVE = YES;
				CLANG_WARN_UNGUARDED_AVAILABILITY = YES_AGGRESSIVE;
				CLANG_WARN_UNREACHABLE_CODE = YES;
				CLANG_WARN__DUPLICATE_METHOD_MATCH = YES;
				COPY_PHASE_STRIP = NO;
				DEBUG_INFORMATION_FORMAT = dwarf;
				ENABLE_STRICT_OBJC_MSGSEND = YES;
				ENABLE_TESTABILITY = YES;
				GCC_C_LANGUAGE_STANDARD = gnu11;
				GCC_DYNAMIC_NO_PIC = NO;
				GCC_NO_COMMON_BLOCKS = NO;
				GCC_OPTIMIZATION_LEVEL = 0;
				GCC_PREPROCESSOR_DEFINITIONS = (
					"DEBUG=1",
					"$(inherited)",
				);
				GCC_WARN_64_TO_32_BIT_CONVERSION = YES;
				GCC_WARN_ABOUT_RETURN_TYPE = YES_ERROR;
				GCC_WARN_UNDECLARED_SELECTOR = YES;
				GCC_WARN_UNINITIALIZED_AUTOS = YES_AGGRESSIVE;
				GCC_WARN_UNUSED_FUNCTION = YES;
				GCC_WARN_UNUSED_VARIABLE = YES;
				IPHONEOS_DEPLOYMENT_TARGET = 13.6;
				MTL_ENABLE_DEBUG_INFO = INCLUDE_SOURCE;
				MTL_FAST_MATH = YES;
				ONLY_ACTIVE_ARCH = YES;
				SDKROOT = iphoneos;
				SWIFT_ACTIVE_COMPILATION_CONDITIONS = DEBUG;
				SWIFT_OPTIMIZATION_LEVEL = "-Onone";
			};
			name = Debug;
		};
		402F54A0244F91AA00FD899F /* Release */ = {
			isa = XCBuildConfiguration;
			buildSettings = {
				ALWAYS_SEARCH_USER_PATHS = NO;
				CLANG_ANALYZER_NONNULL = YES;
				CLANG_ANALYZER_NUMBER_OBJECT_CONVERSION = YES_AGGRESSIVE;
				CLANG_CXX_LANGUAGE_STANDARD = "gnu++14";
				CLANG_CXX_LIBRARY = "libc++";
				CLANG_ENABLE_MODULES = YES;
				CLANG_ENABLE_OBJC_ARC = YES;
				CLANG_ENABLE_OBJC_WEAK = YES;
				CLANG_WARN_BLOCK_CAPTURE_AUTORELEASING = YES;
				CLANG_WARN_BOOL_CONVERSION = YES;
				CLANG_WARN_COMMA = YES;
				CLANG_WARN_CONSTANT_CONVERSION = YES;
				CLANG_WARN_DEPRECATED_OBJC_IMPLEMENTATIONS = YES;
				CLANG_WARN_DIRECT_OBJC_ISA_USAGE = YES_ERROR;
				CLANG_WARN_DOCUMENTATION_COMMENTS = YES;
				CLANG_WARN_EMPTY_BODY = YES;
				CLANG_WARN_ENUM_CONVERSION = YES;
				CLANG_WARN_INFINITE_RECURSION = YES;
				CLANG_WARN_INT_CONVERSION = YES;
				CLANG_WARN_NON_LITERAL_NULL_CONVERSION = YES;
				CLANG_WARN_OBJC_IMPLICIT_RETAIN_SELF = YES;
				CLANG_WARN_OBJC_LITERAL_CONVERSION = YES;
				CLANG_WARN_OBJC_ROOT_CLASS = YES_ERROR;
				CLANG_WARN_QUOTED_INCLUDE_IN_FRAMEWORK_HEADER = YES;
				CLANG_WARN_RANGE_LOOP_ANALYSIS = YES;
				CLANG_WARN_STRICT_PROTOTYPES = YES;
				CLANG_WARN_SUSPICIOUS_MOVE = YES;
				CLANG_WARN_UNGUARDED_AVAILABILITY = YES_AGGRESSIVE;
				CLANG_WARN_UNREACHABLE_CODE = YES;
				CLANG_WARN__DUPLICATE_METHOD_MATCH = YES;
				COPY_PHASE_STRIP = NO;
				DEBUG_INFORMATION_FORMAT = "dwarf-with-dsym";
				ENABLE_NS_ASSERTIONS = NO;
				ENABLE_STRICT_OBJC_MSGSEND = YES;
				GCC_C_LANGUAGE_STANDARD = gnu11;
				GCC_NO_COMMON_BLOCKS = NO;
				GCC_WARN_64_TO_32_BIT_CONVERSION = YES;
				GCC_WARN_ABOUT_RETURN_TYPE = YES_ERROR;
				GCC_WARN_UNDECLARED_SELECTOR = YES;
				GCC_WARN_UNINITIALIZED_AUTOS = YES_AGGRESSIVE;
				GCC_WARN_UNUSED_FUNCTION = YES;
				GCC_WARN_UNUSED_VARIABLE = YES;
				IPHONEOS_DEPLOYMENT_TARGET = 13.6;
				MTL_ENABLE_DEBUG_INFO = NO;
				MTL_FAST_MATH = YES;
				ONLY_ACTIVE_ARCH = YES;
				SDKROOT = iphoneos;
				SWIFT_COMPILATION_MODE = wholemodule;
				SWIFT_OPTIMIZATION_LEVEL = "-O";
				VALIDATE_PRODUCT = YES;
			};
			name = Release;
		};
		402F54A2244F91AA00FD899F /* Debug */ = {
			isa = XCBuildConfiguration;
			baseConfigurationReference = 49DCF38C8F46BD21CC27C541 /* Pods-Ramble.debug.xcconfig */;
			buildSettings = {
				ASSETCATALOG_COMPILER_APPICON_NAME = AppIcon;
				CODE_SIGN_STYLE = Automatic;
				DEVELOPMENT_ASSET_PATHS = "\"Ramble/Preview Content\"";
				DEVELOPMENT_TEAM = VU9FW6DFBM;
				ENABLE_PREVIEWS = YES;
				GCC_NO_COMMON_BLOCKS = NO;
				INFOPLIST_FILE = Ramble/Info.plist;
				LD_RUNPATH_SEARCH_PATHS = (
					"$(inherited)",
					"@executable_path/Frameworks",
				);
				OTHER_LDFLAGS = (
					"$(inherited)",
					"-l\"c++\"",
					"-l\"icucore\"",
					"-l\"sqlite3\"",
					"-l\"z\"",
					"-framework",
					"\"CFNetwork\"",
					"-framework",
					"\"CoreTelephony\"",
					"-framework",
					"\"FBLPromises\"",
					"-framework",
					"\"FIRAnalyticsConnector\"",
					"-framework",
					"\"FirebaseAnalytics\"",
					"-framework",
					"\"FirebaseAuth\"",
					"-framework",
					"\"FirebaseCore\"",
					"-framework",
					"\"FirebaseCoreDiagnostics\"",
					"-framework",
					"\"FirebaseDatabase\"",
					"-framework",
					"\"FirebaseInstallations\"",
					"-framework",
					"\"FirebaseStorage\"",
					"-framework",
					"\"Foundation\"",
					"-framework",
					"\"GTMSessionFetcher\"",
					"-framework",
					"\"GoogleAppMeasurement\"",
					"-framework",
					"\"GoogleDataTransport\"",
					"-framework",
					"\"GoogleUtilities\"",
					"-framework",
					"\"MobileCoreServices\"",
					"-framework",
					"\"PRTween\"",
					"-framework",
					"\"SafariServices\"",
					"-framework",
					"\"Security\"",
					"-framework",
					"\"StoreKit\"",
					"-framework",
					"\"SystemConfiguration\"",
					"-framework",
					"\"UIKit\"",
					"-framework",
					"\"leveldb\"",
					"-framework",
					"\"nanopb\"",
					"-ObjC",
				);
				PRODUCT_BUNDLE_IDENTIFIER = "Peter-Keating.Ramble";
				PRODUCT_NAME = "$(TARGET_NAME)";
				SWIFT_OBJC_BRIDGING_HEADER = "Ramble/Ramble-Bridging-Header.h";
				SWIFT_VERSION = 5.0;
				TARGETED_DEVICE_FAMILY = "1,2";
			};
			name = Debug;
		};
		402F54A3244F91AA00FD899F /* Release */ = {
			isa = XCBuildConfiguration;
			baseConfigurationReference = 3CD168CAB85F0D360A7E797B /* Pods-Ramble.release.xcconfig */;
			buildSettings = {
				ASSETCATALOG_COMPILER_APPICON_NAME = AppIcon;
				CODE_SIGN_STYLE = Automatic;
				DEVELOPMENT_ASSET_PATHS = "\"Ramble/Preview Content\"";
				DEVELOPMENT_TEAM = VU9FW6DFBM;
				ENABLE_PREVIEWS = YES;
				GCC_NO_COMMON_BLOCKS = NO;
				INFOPLIST_FILE = Ramble/Info.plist;
				LD_RUNPATH_SEARCH_PATHS = (
					"$(inherited)",
					"@executable_path/Frameworks",
				);
				OTHER_LDFLAGS = (
					"$(inherited)",
					"-l\"c++\"",
					"-l\"icucore\"",
					"-l\"sqlite3\"",
					"-l\"z\"",
					"-framework",
					"\"CFNetwork\"",
					"-framework",
					"\"CoreTelephony\"",
					"-framework",
					"\"FBLPromises\"",
					"-framework",
					"\"FIRAnalyticsConnector\"",
					"-framework",
					"\"FirebaseAnalytics\"",
					"-framework",
					"\"FirebaseAuth\"",
					"-framework",
					"\"FirebaseCore\"",
					"-framework",
					"\"FirebaseCoreDiagnostics\"",
					"-framework",
					"\"FirebaseDatabase\"",
					"-framework",
					"\"FirebaseInstallations\"",
					"-framework",
					"\"FirebaseStorage\"",
					"-framework",
					"\"Foundation\"",
					"-framework",
					"\"GTMSessionFetcher\"",
					"-framework",
					"\"GoogleAppMeasurement\"",
					"-framework",
					"\"GoogleDataTransport\"",
					"-framework",
					"\"GoogleUtilities\"",
					"-framework",
					"\"MobileCoreServices\"",
					"-framework",
					"\"PRTween\"",
					"-framework",
					"\"SafariServices\"",
					"-framework",
					"\"Security\"",
					"-framework",
					"\"StoreKit\"",
					"-framework",
					"\"SystemConfiguration\"",
					"-framework",
					"\"UIKit\"",
					"-framework",
					"\"leveldb\"",
					"-framework",
					"\"nanopb\"",
					"-ObjC",
				);
				PRODUCT_BUNDLE_IDENTIFIER = "Peter-Keating.Ramble";
				PRODUCT_NAME = "$(TARGET_NAME)";
				SWIFT_OBJC_BRIDGING_HEADER = "Ramble/Ramble-Bridging-Header.h";
				SWIFT_VERSION = 5.0;
				TARGETED_DEVICE_FAMILY = "1,2";
			};
			name = Release;
		};
/* End XCBuildConfiguration section */

/* Begin XCConfigurationList section */
		402F5488244F91A900FD899F /* Build configuration list for PBXProject "Ramble" */ = {
			isa = XCConfigurationList;
			buildConfigurations = (
				402F549F244F91AA00FD899F /* Debug */,
				402F54A0244F91AA00FD899F /* Release */,
			);
			defaultConfigurationIsVisible = 0;
			defaultConfigurationName = Release;
		};
		402F54A1244F91AA00FD899F /* Build configuration list for PBXNativeTarget "Ramble" */ = {
			isa = XCConfigurationList;
			buildConfigurations = (
				402F54A2244F91AA00FD899F /* Debug */,
				402F54A3244F91AA00FD899F /* Release */,
			);
			defaultConfigurationIsVisible = 0;
			defaultConfigurationName = Release;
		};
/* End XCConfigurationList section */

/* Begin XCRemoteSwiftPackageReference section */
		402F54C9244F9FD000FD899F /* XCRemoteSwiftPackageReference "SDWebImageSwiftUI" */ = {
			isa = XCRemoteSwiftPackageReference;
			repositoryURL = "https://github.com/SDWebImage/SDWebImageSwiftUI";
			requirement = {
				kind = upToNextMajorVersion;
				minimumVersion = 1.3.3;
			};
		};
		40531BFD2555A927005FEBE3 /* XCRemoteSwiftPackageReference "SwimplyPlayIndicator" */ = {
			isa = XCRemoteSwiftPackageReference;
			repositoryURL = "https://github.com/docterd/SwimplyPlayIndicator";
			requirement = {
				kind = upToNextMajorVersion;
				minimumVersion = 1.0.4;
			};
		};
		406EF19E24B51CCF009D224F /* XCRemoteSwiftPackageReference "SwiftUIRefresh" */ = {
			isa = XCRemoteSwiftPackageReference;
			repositoryURL = "https://github.com/timbersoftware/SwiftUIRefresh.git";
			requirement = {
				kind = upToNextMajorVersion;
				minimumVersion = 0.0.3;
			};
		};
		40B1F965249C03B4008A3F37 /* XCRemoteSwiftPackageReference "SwiftUIPager" */ = {
			isa = XCRemoteSwiftPackageReference;
			repositoryURL = "https://github.com/fermoya/SwiftUIPager.git";
			requirement = {
				kind = upToNextMajorVersion;
				minimumVersion = 1.6.1;
			};
		};
/* End XCRemoteSwiftPackageReference section */

/* Begin XCSwiftPackageProductDependency section */
		40531BFE2555A927005FEBE3 /* SwimplyPlayIndicator */ = {
			isa = XCSwiftPackageProductDependency;
			package = 40531BFD2555A927005FEBE3 /* XCRemoteSwiftPackageReference "SwimplyPlayIndicator" */;
			productName = SwimplyPlayIndicator;
		};
/* End XCSwiftPackageProductDependency section */
	};
	rootObject = 402F5485244F91A900FD899F /* Project object */;
}
